// !$*UTF8*$!
{
	archiveVersion = 1;
	classes = {
	};
	objectVersion = 56;
	objects = {

/* Begin PBXBuildFile section */
		99348BEF2957158800D2FAD1 /* ChartView.swift in Sources */ = {isa = PBXBuildFile; fileRef = 99348BEE2957158800D2FAD1 /* ChartView.swift */; };
		99348BF12959006500D2FAD1 /* Date.swift in Sources */ = {isa = PBXBuildFile; fileRef = 99348BF02959006500D2FAD1 /* Date.swift */; };
		99348BF32959BE7800D2FAD1 /* String.swift in Sources */ = {isa = PBXBuildFile; fileRef = 99348BF22959BE7800D2FAD1 /* String.swift */; };
		99348BF72959D3A000D2FAD1 /* SettingsView.swift in Sources */ = {isa = PBXBuildFile; fileRef = 99348BF62959D3A000D2FAD1 /* SettingsView.swift */; };
		99348BFB2959ED3B00D2FAD1 /* LaunchScreen.storyboard in Resources */ = {isa = PBXBuildFile; fileRef = 99348BFA2959ED3B00D2FAD1 /* LaunchScreen.storyboard */; };
		99348BFD295B0D5600D2FAD1 /* LaunchView.swift in Sources */ = {isa = PBXBuildFile; fileRef = 99348BFC295B0D5600D2FAD1 /* LaunchView.swift */; };
		993D79C12950C94700178A01 /* PortfolioView.swift in Sources */ = {isa = PBXBuildFile; fileRef = 993D79C02950C94700178A01 /* PortfolioView.swift */; };
		993D79C32950CC6F00178A01 /* XMarkButton.swift in Sources */ = {isa = PBXBuildFile; fileRef = 993D79C22950CC6F00178A01 /* XMarkButton.swift */; };
		993D79C52950D34C00178A01 /* CoinLogoView.swift in Sources */ = {isa = PBXBuildFile; fileRef = 993D79C42950D34C00178A01 /* CoinLogoView.swift */; };
		993D79C82951C6C700178A01 /* PortfolioContainer.xcdatamodeld in Sources */ = {isa = PBXBuildFile; fileRef = 993D79C62951C6C700178A01 /* PortfolioContainer.xcdatamodeld */; };
		993D79CA2951C7AC00178A01 /* PortfolioDataService.swift in Sources */ = {isa = PBXBuildFile; fileRef = 993D79C92951C7AC00178A01 /* PortfolioDataService.swift */; };
		993D79CC2951F53300178A01 /* HapticManager.swift in Sources */ = {isa = PBXBuildFile; fileRef = 993D79CB2951F53300178A01 /* HapticManager.swift */; };
		993D79D32953366100178A01 /* DetailView.swift in Sources */ = {isa = PBXBuildFile; fileRef = 993D79D22953366100178A01 /* DetailView.swift */; };
		99495F0329548DEE00703E06 /* CoinDetailModel.swift in Sources */ = {isa = PBXBuildFile; fileRef = 99495F0229548DEE00703E06 /* CoinDetailModel.swift */; };
		99495F052954909600703E06 /* DetailViewModell.swift in Sources */ = {isa = PBXBuildFile; fileRef = 99495F042954909600703E06 /* DetailViewModell.swift */; };
		99495F07295490EC00703E06 /* CoinDetailDataService.swift in Sources */ = {isa = PBXBuildFile; fileRef = 99495F06295490EC00703E06 /* CoinDetailDataService.swift */; };
		9997DCF429363AAF000713F6 /* investingCloneApp.swift in Sources */ = {isa = PBXBuildFile; fileRef = 9997DCF329363AAF000713F6 /* investingCloneApp.swift */; };
		9997DCFB29363AB1000713F6 /* Preview Assets.xcassets in Resources */ = {isa = PBXBuildFile; fileRef = 9997DCFA29363AB1000713F6 /* Preview Assets.xcassets */; };
		9997DD0529363AB1000713F6 /* investingCloneTests.swift in Sources */ = {isa = PBXBuildFile; fileRef = 9997DD0429363AB1000713F6 /* investingCloneTests.swift */; };
		9997DD0F29363AB1000713F6 /* investingCloneUITests.swift in Sources */ = {isa = PBXBuildFile; fileRef = 9997DD0E29363AB1000713F6 /* investingCloneUITests.swift */; };
		9997DD1129363AB1000713F6 /* investingCloneUITestsLaunchTests.swift in Sources */ = {isa = PBXBuildFile; fileRef = 9997DD1029363AB1000713F6 /* investingCloneUITestsLaunchTests.swift */; };
		99A8B816294B0A2600162BCA /* UIApplication.swift in Sources */ = {isa = PBXBuildFile; fileRef = 99A8B815294B0A2600162BCA /* UIApplication.swift */; };
		99A8B818294B650900162BCA /* StatisticModel.swift in Sources */ = {isa = PBXBuildFile; fileRef = 99A8B817294B650900162BCA /* StatisticModel.swift */; };
		99A8B81A294B67D100162BCA /* StatisticView.swift in Sources */ = {isa = PBXBuildFile; fileRef = 99A8B819294B67D100162BCA /* StatisticView.swift */; };
		99A8B81C294CA5DE00162BCA /* HomeStatsView.swift in Sources */ = {isa = PBXBuildFile; fileRef = 99A8B81B294CA5DE00162BCA /* HomeStatsView.swift */; };
		99A8B81E294DE3DC00162BCA /* MarketDataModel.swift in Sources */ = {isa = PBXBuildFile; fileRef = 99A8B81D294DE3DB00162BCA /* MarketDataModel.swift */; };
		99A8B820294DE8B100162BCA /* MarketDataService.swift in Sources */ = {isa = PBXBuildFile; fileRef = 99A8B81F294DE8B100162BCA /* MarketDataService.swift */; };
		99B4164829644C26008905A3 /* LocalFileManager.swift in Sources */ = {isa = PBXBuildFile; fileRef = 99B4164729644C26008905A3 /* LocalFileManager.swift */; };
		99ED66D7294217D80084A8A8 /* Assets.xcassets in Resources */ = {isa = PBXBuildFile; fileRef = 99ED66D6294217D80084A8A8 /* Assets.xcassets */; };
		99ED66DA294219170084A8A8 /* Color.swift in Sources */ = {isa = PBXBuildFile; fileRef = 99ED66D9294219170084A8A8 /* Color.swift */; };
		99ED66E029421DBB0084A8A8 /* HomeView.swift in Sources */ = {isa = PBXBuildFile; fileRef = 99ED66DF29421DBB0084A8A8 /* HomeView.swift */; };
		99ED66E429421F1A0084A8A8 /* CircleButtonView.swift in Sources */ = {isa = PBXBuildFile; fileRef = 99ED66E329421F1A0084A8A8 /* CircleButtonView.swift */; };
		99ED66E629434C1C0084A8A8 /* CircleButtonAnimationView.swift in Sources */ = {isa = PBXBuildFile; fileRef = 99ED66E529434C1C0084A8A8 /* CircleButtonAnimationView.swift */; };
		99ED66E9294354580084A8A8 /* CoinModel.swift in Sources */ = {isa = PBXBuildFile; fileRef = 99ED66E8294354580084A8A8 /* CoinModel.swift */; };
		99ED66EB294364260084A8A8 /* CoinRowView.swift in Sources */ = {isa = PBXBuildFile; fileRef = 99ED66EA294364260084A8A8 /* CoinRowView.swift */; };
		99ED66ED294365C10084A8A8 /* PreviewProvider.swift in Sources */ = {isa = PBXBuildFile; fileRef = 99ED66EC294365C10084A8A8 /* PreviewProvider.swift */; };
		99ED66EF294727C10084A8A8 /* Double.swift in Sources */ = {isa = PBXBuildFile; fileRef = 99ED66EE294727C10084A8A8 /* Double.swift */; };
		99ED66F129473C7A0084A8A8 /* HomeViewModel.swift in Sources */ = {isa = PBXBuildFile; fileRef = 99ED66F029473C7A0084A8A8 /* HomeViewModel.swift */; };
		99ED66F42947556E0084A8A8 /* CoinDataService.swift in Sources */ = {isa = PBXBuildFile; fileRef = 99ED66F32947556E0084A8A8 /* CoinDataService.swift */; };
		99ED66F82948C6470084A8A8 /* NetworkingManager.swift in Sources */ = {isa = PBXBuildFile; fileRef = 99ED66F72948C6470084A8A8 /* NetworkingManager.swift */; };
		99ED66FB2948CEED0084A8A8 /* CoinImageView.swift in Sources */ = {isa = PBXBuildFile; fileRef = 99ED66FA2948CEED0084A8A8 /* CoinImageView.swift */; };
		99ED66FD2948D24A0084A8A8 /* CoinImageService.swift in Sources */ = {isa = PBXBuildFile; fileRef = 99ED66FC2948D24A0084A8A8 /* CoinImageService.swift */; };
		99ED66FF2948D5800084A8A8 /* CoinImageViewModel.swift in Sources */ = {isa = PBXBuildFile; fileRef = 99ED66FE2948D5800084A8A8 /* CoinImageViewModel.swift */; };
		99ED6703294A27FE0084A8A8 /* SearchBarView.swift in Sources */ = {isa = PBXBuildFile; fileRef = 99ED6702294A27FE0084A8A8 /* SearchBarView.swift */; };
/* End PBXBuildFile section */

/* Begin PBXContainerItemProxy section */
		9997DD0129363AB1000713F6 /* PBXContainerItemProxy */ = {
			isa = PBXContainerItemProxy;
			containerPortal = 9997DCE829363AAF000713F6 /* Project object */;
			proxyType = 1;
			remoteGlobalIDString = 9997DCEF29363AAF000713F6;
			remoteInfo = investingClone;
		};
		9997DD0B29363AB1000713F6 /* PBXContainerItemProxy */ = {
			isa = PBXContainerItemProxy;
			containerPortal = 9997DCE829363AAF000713F6 /* Project object */;
			proxyType = 1;
			remoteGlobalIDString = 9997DCEF29363AAF000713F6;
			remoteInfo = investingClone;
		};
/* End PBXContainerItemProxy section */

/* Begin PBXFileReference section */
		99348BEE2957158800D2FAD1 /* ChartView.swift */ = {isa = PBXFileReference; lastKnownFileType = sourcecode.swift; path = ChartView.swift; sourceTree = "<group>"; };
		99348BF02959006500D2FAD1 /* Date.swift */ = {isa = PBXFileReference; lastKnownFileType = sourcecode.swift; path = Date.swift; sourceTree = "<group>"; };
		99348BF22959BE7800D2FAD1 /* String.swift */ = {isa = PBXFileReference; lastKnownFileType = sourcecode.swift; path = String.swift; sourceTree = "<group>"; };
		99348BF62959D3A000D2FAD1 /* SettingsView.swift */ = {isa = PBXFileReference; lastKnownFileType = sourcecode.swift; path = SettingsView.swift; sourceTree = "<group>"; };
		99348BFA2959ED3B00D2FAD1 /* LaunchScreen.storyboard */ = {isa = PBXFileReference; lastKnownFileType = file.storyboard; path = LaunchScreen.storyboard; sourceTree = "<group>"; };
		99348BFC295B0D5600D2FAD1 /* LaunchView.swift */ = {isa = PBXFileReference; lastKnownFileType = sourcecode.swift; path = LaunchView.swift; sourceTree = "<group>"; };
		993D79C02950C94700178A01 /* PortfolioView.swift */ = {isa = PBXFileReference; lastKnownFileType = sourcecode.swift; path = PortfolioView.swift; sourceTree = "<group>"; };
		993D79C22950CC6F00178A01 /* XMarkButton.swift */ = {isa = PBXFileReference; lastKnownFileType = sourcecode.swift; path = XMarkButton.swift; sourceTree = "<group>"; };
		993D79C42950D34C00178A01 /* CoinLogoView.swift */ = {isa = PBXFileReference; lastKnownFileType = sourcecode.swift; path = CoinLogoView.swift; sourceTree = "<group>"; };
		993D79C72951C6C700178A01 /* PortfolioContainer.xcdatamodel */ = {isa = PBXFileReference; lastKnownFileType = wrapper.xcdatamodel; path = PortfolioContainer.xcdatamodel; sourceTree = "<group>"; };
		993D79C92951C7AC00178A01 /* PortfolioDataService.swift */ = {isa = PBXFileReference; lastKnownFileType = sourcecode.swift; path = PortfolioDataService.swift; sourceTree = "<group>"; };
		993D79CB2951F53300178A01 /* HapticManager.swift */ = {isa = PBXFileReference; lastKnownFileType = sourcecode.swift; path = HapticManager.swift; sourceTree = "<group>"; };
		993D79D22953366100178A01 /* DetailView.swift */ = {isa = PBXFileReference; lastKnownFileType = sourcecode.swift; path = DetailView.swift; sourceTree = "<group>"; };
		99495F0229548DEE00703E06 /* CoinDetailModel.swift */ = {isa = PBXFileReference; lastKnownFileType = sourcecode.swift; path = CoinDetailModel.swift; sourceTree = "<group>"; };
		99495F042954909600703E06 /* DetailViewModell.swift */ = {isa = PBXFileReference; lastKnownFileType = sourcecode.swift; path = DetailViewModell.swift; sourceTree = "<group>"; };
		99495F06295490EC00703E06 /* CoinDetailDataService.swift */ = {isa = PBXFileReference; lastKnownFileType = sourcecode.swift; path = CoinDetailDataService.swift; sourceTree = "<group>"; };
		9997DCF029363AAF000713F6 /* CryptoMVVM.app */ = {isa = PBXFileReference; explicitFileType = wrapper.application; includeInIndex = 0; path = CryptoMVVM.app; sourceTree = BUILT_PRODUCTS_DIR; };
		9997DCF329363AAF000713F6 /* investingCloneApp.swift */ = {isa = PBXFileReference; lastKnownFileType = sourcecode.swift; path = investingCloneApp.swift; sourceTree = "<group>"; };
		9997DCFA29363AB1000713F6 /* Preview Assets.xcassets */ = {isa = PBXFileReference; lastKnownFileType = folder.assetcatalog; path = "Preview Assets.xcassets"; sourceTree = "<group>"; };
		9997DD0029363AB1000713F6 /* CryptoMVVMTests.xctest */ = {isa = PBXFileReference; explicitFileType = wrapper.cfbundle; includeInIndex = 0; path = CryptoMVVMTests.xctest; sourceTree = BUILT_PRODUCTS_DIR; };
		9997DD0429363AB1000713F6 /* investingCloneTests.swift */ = {isa = PBXFileReference; lastKnownFileType = sourcecode.swift; path = investingCloneTests.swift; sourceTree = "<group>"; };
		9997DD0A29363AB1000713F6 /* CryptoMVVMUITests.xctest */ = {isa = PBXFileReference; explicitFileType = wrapper.cfbundle; includeInIndex = 0; path = CryptoMVVMUITests.xctest; sourceTree = BUILT_PRODUCTS_DIR; };
		9997DD0E29363AB1000713F6 /* investingCloneUITests.swift */ = {isa = PBXFileReference; lastKnownFileType = sourcecode.swift; path = investingCloneUITests.swift; sourceTree = "<group>"; };
		9997DD1029363AB1000713F6 /* investingCloneUITestsLaunchTests.swift */ = {isa = PBXFileReference; lastKnownFileType = sourcecode.swift; path = investingCloneUITestsLaunchTests.swift; sourceTree = "<group>"; };
		99A8B815294B0A2600162BCA /* UIApplication.swift */ = {isa = PBXFileReference; lastKnownFileType = sourcecode.swift; path = UIApplication.swift; sourceTree = "<group>"; };
		99A8B817294B650900162BCA /* StatisticModel.swift */ = {isa = PBXFileReference; lastKnownFileType = sourcecode.swift; path = StatisticModel.swift; sourceTree = "<group>"; };
		99A8B819294B67D100162BCA /* StatisticView.swift */ = {isa = PBXFileReference; lastKnownFileType = sourcecode.swift; path = StatisticView.swift; sourceTree = "<group>"; };
		99A8B81B294CA5DE00162BCA /* HomeStatsView.swift */ = {isa = PBXFileReference; lastKnownFileType = sourcecode.swift; path = HomeStatsView.swift; sourceTree = "<group>"; };
		99A8B81D294DE3DB00162BCA /* MarketDataModel.swift */ = {isa = PBXFileReference; lastKnownFileType = sourcecode.swift; path = MarketDataModel.swift; sourceTree = "<group>"; };
		99A8B81F294DE8B100162BCA /* MarketDataService.swift */ = {isa = PBXFileReference; lastKnownFileType = sourcecode.swift; path = MarketDataService.swift; sourceTree = "<group>"; };
		99B4164729644C26008905A3 /* LocalFileManager.swift */ = {isa = PBXFileReference; lastKnownFileType = sourcecode.swift; path = LocalFileManager.swift; sourceTree = "<group>"; };
		99ED66D6294217D80084A8A8 /* Assets.xcassets */ = {isa = PBXFileReference; lastKnownFileType = folder.assetcatalog; name = Assets.xcassets; path = ../../../Downloads/Resources/Assets.xcassets; sourceTree = "<group>"; };
		99ED66D9294219170084A8A8 /* Color.swift */ = {isa = PBXFileReference; lastKnownFileType = sourcecode.swift; path = Color.swift; sourceTree = "<group>"; };
		99ED66DF29421DBB0084A8A8 /* HomeView.swift */ = {isa = PBXFileReference; lastKnownFileType = sourcecode.swift; path = HomeView.swift; sourceTree = "<group>"; };
		99ED66E329421F1A0084A8A8 /* CircleButtonView.swift */ = {isa = PBXFileReference; lastKnownFileType = sourcecode.swift; path = CircleButtonView.swift; sourceTree = "<group>"; };
		99ED66E529434C1C0084A8A8 /* CircleButtonAnimationView.swift */ = {isa = PBXFileReference; lastKnownFileType = sourcecode.swift; path = CircleButtonAnimationView.swift; sourceTree = "<group>"; };
		99ED66E8294354580084A8A8 /* CoinModel.swift */ = {isa = PBXFileReference; lastKnownFileType = sourcecode.swift; path = CoinModel.swift; sourceTree = "<group>"; };
		99ED66EA294364260084A8A8 /* CoinRowView.swift */ = {isa = PBXFileReference; lastKnownFileType = sourcecode.swift; path = CoinRowView.swift; sourceTree = "<group>"; };
		99ED66EC294365C10084A8A8 /* PreviewProvider.swift */ = {isa = PBXFileReference; lastKnownFileType = sourcecode.swift; path = PreviewProvider.swift; sourceTree = "<group>"; };
		99ED66EE294727C10084A8A8 /* Double.swift */ = {isa = PBXFileReference; lastKnownFileType = sourcecode.swift; path = Double.swift; sourceTree = "<group>"; };
		99ED66F029473C7A0084A8A8 /* HomeViewModel.swift */ = {isa = PBXFileReference; lastKnownFileType = sourcecode.swift; path = HomeViewModel.swift; sourceTree = "<group>"; };
		99ED66F32947556E0084A8A8 /* CoinDataService.swift */ = {isa = PBXFileReference; lastKnownFileType = sourcecode.swift; path = CoinDataService.swift; sourceTree = "<group>"; };
		99ED66F72948C6470084A8A8 /* NetworkingManager.swift */ = {isa = PBXFileReference; lastKnownFileType = sourcecode.swift; path = NetworkingManager.swift; sourceTree = "<group>"; };
		99ED66FA2948CEED0084A8A8 /* CoinImageView.swift */ = {isa = PBXFileReference; lastKnownFileType = sourcecode.swift; path = CoinImageView.swift; sourceTree = "<group>"; };
		99ED66FC2948D24A0084A8A8 /* CoinImageService.swift */ = {isa = PBXFileReference; lastKnownFileType = sourcecode.swift; path = CoinImageService.swift; sourceTree = "<group>"; };
		99ED66FE2948D5800084A8A8 /* CoinImageViewModel.swift */ = {isa = PBXFileReference; lastKnownFileType = sourcecode.swift; path = CoinImageViewModel.swift; sourceTree = "<group>"; };
		99ED6702294A27FE0084A8A8 /* SearchBarView.swift */ = {isa = PBXFileReference; lastKnownFileType = sourcecode.swift; path = SearchBarView.swift; sourceTree = "<group>"; };
/* End PBXFileReference section */

/* Begin PBXFrameworksBuildPhase section */
		9997DCED29363AAF000713F6 /* Frameworks */ = {
			isa = PBXFrameworksBuildPhase;
			buildActionMask = 2147483647;
			files = (
			);
			runOnlyForDeploymentPostprocessing = 0;
		};
		9997DCFD29363AB1000713F6 /* Frameworks */ = {
			isa = PBXFrameworksBuildPhase;
			buildActionMask = 2147483647;
			files = (
			);
			runOnlyForDeploymentPostprocessing = 0;
		};
		9997DD0729363AB1000713F6 /* Frameworks */ = {
			isa = PBXFrameworksBuildPhase;
			buildActionMask = 2147483647;
			files = (
			);
			runOnlyForDeploymentPostprocessing = 0;
		};
/* End PBXFrameworksBuildPhase section */

/* Begin PBXGroup section */
		99348BF42959D34700D2FAD1 /* Settings */ = {
			isa = PBXGroup;
			children = (
				99348BF52959D37F00D2FAD1 /* Views */,
			);
			path = Settings;
			sourceTree = "<group>";
		};
		99348BF52959D37F00D2FAD1 /* Views */ = {
			isa = PBXGroup;
			children = (
				99348BF62959D3A000D2FAD1 /* SettingsView.swift */,
			);
			path = Views;
			sourceTree = "<group>";
		};
		99348BF82959ED0A00D2FAD1 /* Launch */ = {
			isa = PBXGroup;
			children = (
				99348BF92959ED1F00D2FAD1 /* Views */,
			);
			path = Launch;
			sourceTree = "<group>";
		};
		99348BF92959ED1F00D2FAD1 /* Views */ = {
			isa = PBXGroup;
			children = (
				99348BFA2959ED3B00D2FAD1 /* LaunchScreen.storyboard */,
				99348BFC295B0D5600D2FAD1 /* LaunchView.swift */,
			);
			path = Views;
			sourceTree = "<group>";
		};
		993D79CF295335F600178A01 /* Detail */ = {
			isa = PBXGroup;
			children = (
				993D79D02953363800178A01 /* ViewModels */,
				993D79D12953364300178A01 /* Views */,
			);
			path = Detail;
			sourceTree = "<group>";
		};
		993D79D02953363800178A01 /* ViewModels */ = {
			isa = PBXGroup;
			children = (
				99495F042954909600703E06 /* DetailViewModell.swift */,
			);
			path = ViewModels;
			sourceTree = "<group>";
		};
		993D79D12953364300178A01 /* Views */ = {
			isa = PBXGroup;
			children = (
				993D79D22953366100178A01 /* DetailView.swift */,
				99348BEE2957158800D2FAD1 /* ChartView.swift */,
			);
			path = Views;
			sourceTree = "<group>";
		};
		9997DCE729363AAF000713F6 = {
			isa = PBXGroup;
			children = (
				9997DCF229363AAF000713F6 /* investingClone */,
				9997DD0329363AB1000713F6 /* investingCloneTests */,
				9997DD0D29363AB1000713F6 /* investingCloneUITests */,
				9997DCF129363AAF000713F6 /* Products */,
			);
			sourceTree = "<group>";
		};
		9997DCF129363AAF000713F6 /* Products */ = {
			isa = PBXGroup;
			children = (
				9997DCF029363AAF000713F6 /* CryptoMVVM.app */,
				9997DD0029363AB1000713F6 /* CryptoMVVMTests.xctest */,
				9997DD0A29363AB1000713F6 /* CryptoMVVMUITests.xctest */,
			);
			name = Products;
			sourceTree = "<group>";
		};
		9997DCF229363AAF000713F6 /* investingClone */ = {
			isa = PBXGroup;
			children = (
				9997DCF329363AAF000713F6 /* investingCloneApp.swift */,
				99ED66F62948C60F0084A8A8 /* Utilities */,
				99ED66D8294218F30084A8A8 /* Extensions */,
				99ED66F2294754F30084A8A8 /* Services */,
				99ED66E7294353280084A8A8 /* Models */,
				99ED66DB29421D5F0084A8A8 /* Core */,
				99ED66D6294217D80084A8A8 /* Assets.xcassets */,
				9997DCF929363AB1000713F6 /* Preview Content */,
			);
			path = investingClone;
			sourceTree = "<group>";
		};
		9997DCF929363AB1000713F6 /* Preview Content */ = {
			isa = PBXGroup;
			children = (
				9997DCFA29363AB1000713F6 /* Preview Assets.xcassets */,
			);
			path = "Preview Content";
			sourceTree = "<group>";
		};
		9997DD0329363AB1000713F6 /* investingCloneTests */ = {
			isa = PBXGroup;
			children = (
				9997DD0429363AB1000713F6 /* investingCloneTests.swift */,
			);
			path = investingCloneTests;
			sourceTree = "<group>";
		};
		9997DD0D29363AB1000713F6 /* investingCloneUITests */ = {
			isa = PBXGroup;
			children = (
				9997DD0E29363AB1000713F6 /* investingCloneUITests.swift */,
				9997DD1029363AB1000713F6 /* investingCloneUITestsLaunchTests.swift */,
			);
			path = investingCloneUITests;
			sourceTree = "<group>";
		};
		99ED66D8294218F30084A8A8 /* Extensions */ = {
			isa = PBXGroup;
			children = (
				99ED66D9294219170084A8A8 /* Color.swift */,
				99348BF22959BE7800D2FAD1 /* String.swift */,
				99ED66EC294365C10084A8A8 /* PreviewProvider.swift */,
				99ED66EE294727C10084A8A8 /* Double.swift */,
				99A8B815294B0A2600162BCA /* UIApplication.swift */,
				99348BF02959006500D2FAD1 /* Date.swift */,
			);
			path = Extensions;
			sourceTree = "<group>";
		};
		99ED66DB29421D5F0084A8A8 /* Core */ = {
			isa = PBXGroup;
			children = (
				99348BF82959ED0A00D2FAD1 /* Launch */,
				99ED66E129421EE10084A8A8 /* Components */,
				99ED66DC29421D7F0084A8A8 /* Home */,
				99348BF42959D34700D2FAD1 /* Settings */,
				993D79CF295335F600178A01 /* Detail */,
			);
			path = Core;
			sourceTree = "<group>";
		};
		99ED66DC29421D7F0084A8A8 /* Home */ = {
			isa = PBXGroup;
			children = (
				99ED66DE29421D8C0084A8A8 /* ViewModels */,
				99ED66DD29421D870084A8A8 /* Views */,
			);
			path = Home;
			sourceTree = "<group>";
		};
		99ED66DD29421D870084A8A8 /* Views */ = {
			isa = PBXGroup;
			children = (
				99ED66DF29421DBB0084A8A8 /* HomeView.swift */,
				99ED66EA294364260084A8A8 /* CoinRowView.swift */,
				99A8B81B294CA5DE00162BCA /* HomeStatsView.swift */,
				993D79C02950C94700178A01 /* PortfolioView.swift */,
			);
			path = Views;
			sourceTree = "<group>";
		};
		99ED66DE29421D8C0084A8A8 /* ViewModels */ = {
			isa = PBXGroup;
			children = (
				99ED66F029473C7A0084A8A8 /* HomeViewModel.swift */,
			);
			path = ViewModels;
			sourceTree = "<group>";
		};
		99ED66E129421EE10084A8A8 /* Components */ = {
			isa = PBXGroup;
			children = (
				99A8B819294B67D100162BCA /* StatisticView.swift */,
				99ED6702294A27FE0084A8A8 /* SearchBarView.swift */,
				993D79C22950CC6F00178A01 /* XMarkButton.swift */,
				99ED66F92948CEC70084A8A8 /* CoinImage */,
				99ED66E229421EFE0084A8A8 /* CircleButton */,
			);
			path = Components;
			sourceTree = "<group>";
		};
		99ED66E229421EFE0084A8A8 /* CircleButton */ = {
			isa = PBXGroup;
			children = (
				99ED66E329421F1A0084A8A8 /* CircleButtonView.swift */,
				99ED66E529434C1C0084A8A8 /* CircleButtonAnimationView.swift */,
			);
			path = CircleButton;
			sourceTree = "<group>";
		};
		99ED66E7294353280084A8A8 /* Models */ = {
			isa = PBXGroup;
			children = (
				99ED66E8294354580084A8A8 /* CoinModel.swift */,
				99495F0229548DEE00703E06 /* CoinDetailModel.swift */,
				99A8B817294B650900162BCA /* StatisticModel.swift */,
				99A8B81D294DE3DB00162BCA /* MarketDataModel.swift */,
				993D79C62951C6C700178A01 /* PortfolioContainer.xcdatamodeld */,
			);
			path = Models;
			sourceTree = "<group>";
		};
		99ED66F2294754F30084A8A8 /* Services */ = {
			isa = PBXGroup;
			children = (
				99ED66F32947556E0084A8A8 /* CoinDataService.swift */,
				99495F06295490EC00703E06 /* CoinDetailDataService.swift */,
				99ED66FC2948D24A0084A8A8 /* CoinImageService.swift */,
				99A8B81F294DE8B100162BCA /* MarketDataService.swift */,
				993D79C92951C7AC00178A01 /* PortfolioDataService.swift */,
			);
			path = Services;
			sourceTree = "<group>";
		};
		99ED66F62948C60F0084A8A8 /* Utilities */ = {
			isa = PBXGroup;
			children = (
				99ED66F72948C6470084A8A8 /* NetworkingManager.swift */,
				993D79CB2951F53300178A01 /* HapticManager.swift */,
				99B4164729644C26008905A3 /* LocalFileManager.swift */,
			);
			path = Utilities;
			sourceTree = "<group>";
		};
		99ED66F92948CEC70084A8A8 /* CoinImage */ = {
			isa = PBXGroup;
			children = (
				99ED66FA2948CEED0084A8A8 /* CoinImageView.swift */,
				99ED66FE2948D5800084A8A8 /* CoinImageViewModel.swift */,
				993D79C42950D34C00178A01 /* CoinLogoView.swift */,
			);
			path = CoinImage;
			sourceTree = "<group>";
		};
/* End PBXGroup section */

/* Begin PBXNativeTarget section */
		9997DCEF29363AAF000713F6 /* CryptoMVVM */ = {
			isa = PBXNativeTarget;
			buildConfigurationList = 9997DD1429363AB1000713F6 /* Build configuration list for PBXNativeTarget "CryptoMVVM" */;
			buildPhases = (
				9997DCEC29363AAF000713F6 /* Sources */,
				9997DCED29363AAF000713F6 /* Frameworks */,
				9997DCEE29363AAF000713F6 /* Resources */,
			);
			buildRules = (
			);
			dependencies = (
			);
			name = CryptoMVVM;
			productName = investingClone;
			productReference = 9997DCF029363AAF000713F6 /* CryptoMVVM.app */;
			productType = "com.apple.product-type.application";
		};
		9997DCFF29363AB1000713F6 /* CryptoMVVMTests */ = {
			isa = PBXNativeTarget;
			buildConfigurationList = 9997DD1729363AB1000713F6 /* Build configuration list for PBXNativeTarget "CryptoMVVMTests" */;
			buildPhases = (
				9997DCFC29363AB1000713F6 /* Sources */,
				9997DCFD29363AB1000713F6 /* Frameworks */,
				9997DCFE29363AB1000713F6 /* Resources */,
			);
			buildRules = (
			);
			dependencies = (
				9997DD0229363AB1000713F6 /* PBXTargetDependency */,
			);
			name = CryptoMVVMTests;
			productName = investingCloneTests;
			productReference = 9997DD0029363AB1000713F6 /* CryptoMVVMTests.xctest */;
			productType = "com.apple.product-type.bundle.unit-test";
		};
		9997DD0929363AB1000713F6 /* CryptoMVVMUITests */ = {
			isa = PBXNativeTarget;
			buildConfigurationList = 9997DD1A29363AB1000713F6 /* Build configuration list for PBXNativeTarget "CryptoMVVMUITests" */;
			buildPhases = (
				9997DD0629363AB1000713F6 /* Sources */,
				9997DD0729363AB1000713F6 /* Frameworks */,
				9997DD0829363AB1000713F6 /* Resources */,
			);
			buildRules = (
			);
			dependencies = (
				9997DD0C29363AB1000713F6 /* PBXTargetDependency */,
			);
			name = CryptoMVVMUITests;
			productName = investingCloneUITests;
			productReference = 9997DD0A29363AB1000713F6 /* CryptoMVVMUITests.xctest */;
			productType = "com.apple.product-type.bundle.ui-testing";
		};
/* End PBXNativeTarget section */

/* Begin PBXProject section */
		9997DCE829363AAF000713F6 /* Project object */ = {
			isa = PBXProject;
			attributes = {
				BuildIndependentTargetsInParallel = 1;
				LastSwiftUpdateCheck = 1410;
				LastUpgradeCheck = 1410;
				TargetAttributes = {
					9997DCEF29363AAF000713F6 = {
						CreatedOnToolsVersion = 14.1;
					};
					9997DCFF29363AB1000713F6 = {
						CreatedOnToolsVersion = 14.1;
						TestTargetID = 9997DCEF29363AAF000713F6;
					};
					9997DD0929363AB1000713F6 = {
						CreatedOnToolsVersion = 14.1;
						TestTargetID = 9997DCEF29363AAF000713F6;
					};
				};
			};
			buildConfigurationList = 9997DCEB29363AAF000713F6 /* Build configuration list for PBXProject "CryptoMVVM" */;
			compatibilityVersion = "Xcode 14.0";
			developmentRegion = en;
			hasScannedForEncodings = 0;
			knownRegions = (
				en,
				Base,
			);
			mainGroup = 9997DCE729363AAF000713F6;
			productRefGroup = 9997DCF129363AAF000713F6 /* Products */;
			projectDirPath = "";
			projectRoot = "";
			targets = (
				9997DCEF29363AAF000713F6 /* CryptoMVVM */,
				9997DCFF29363AB1000713F6 /* CryptoMVVMTests */,
				9997DD0929363AB1000713F6 /* CryptoMVVMUITests */,
			);
		};
/* End PBXProject section */

/* Begin PBXResourcesBuildPhase section */
		9997DCEE29363AAF000713F6 /* Resources */ = {
			isa = PBXResourcesBuildPhase;
			buildActionMask = 2147483647;
			files = (
				99348BFB2959ED3B00D2FAD1 /* LaunchScreen.storyboard in Resources */,
				9997DCFB29363AB1000713F6 /* Preview Assets.xcassets in Resources */,
				99ED66D7294217D80084A8A8 /* Assets.xcassets in Resources */,
			);
			runOnlyForDeploymentPostprocessing = 0;
		};
		9997DCFE29363AB1000713F6 /* Resources */ = {
			isa = PBXResourcesBuildPhase;
			buildActionMask = 2147483647;
			files = (
			);
			runOnlyForDeploymentPostprocessing = 0;
		};
		9997DD0829363AB1000713F6 /* Resources */ = {
			isa = PBXResourcesBuildPhase;
			buildActionMask = 2147483647;
			files = (
			);
			runOnlyForDeploymentPostprocessing = 0;
		};
/* End PBXResourcesBuildPhase section */

/* Begin PBXSourcesBuildPhase section */
		9997DCEC29363AAF000713F6 /* Sources */ = {
			isa = PBXSourcesBuildPhase;
			buildActionMask = 2147483647;
			files = (
				993D79C82951C6C700178A01 /* PortfolioContainer.xcdatamodeld in Sources */,
				99A8B818294B650900162BCA /* StatisticModel.swift in Sources */,
				99ED66F42947556E0084A8A8 /* CoinDataService.swift in Sources */,
				99348BEF2957158800D2FAD1 /* ChartView.swift in Sources */,
				99ED66EB294364260084A8A8 /* CoinRowView.swift in Sources */,
				993D79C32950CC6F00178A01 /* XMarkButton.swift in Sources */,
				99ED66F129473C7A0084A8A8 /* HomeViewModel.swift in Sources */,
				99348BFD295B0D5600D2FAD1 /* LaunchView.swift in Sources */,
				99348BF12959006500D2FAD1 /* Date.swift in Sources */,
				99A8B81E294DE3DC00162BCA /* MarketDataModel.swift in Sources */,
				99ED66FD2948D24A0084A8A8 /* CoinImageService.swift in Sources */,
				99A8B81A294B67D100162BCA /* StatisticView.swift in Sources */,
				99ED66E029421DBB0084A8A8 /* HomeView.swift in Sources */,
				99ED66FB2948CEED0084A8A8 /* CoinImageView.swift in Sources */,
				99B4164829644C26008905A3 /* LocalFileManager.swift in Sources */,
				99A8B816294B0A2600162BCA /* UIApplication.swift in Sources */,
				99ED66DA294219170084A8A8 /* Color.swift in Sources */,
				99ED66E429421F1A0084A8A8 /* CircleButtonView.swift in Sources */,
				993D79D32953366100178A01 /* DetailView.swift in Sources */,
				993D79CC2951F53300178A01 /* HapticManager.swift in Sources */,
				99495F052954909600703E06 /* DetailViewModell.swift in Sources */,
				99ED6703294A27FE0084A8A8 /* SearchBarView.swift in Sources */,
				9997DCF429363AAF000713F6 /* investingCloneApp.swift in Sources */,
				993D79C52950D34C00178A01 /* CoinLogoView.swift in Sources */,
				99A8B81C294CA5DE00162BCA /* HomeStatsView.swift in Sources */,
				99A8B820294DE8B100162BCA /* MarketDataService.swift in Sources */,
				99ED66F82948C6470084A8A8 /* NetworkingManager.swift in Sources */,
				99348BF32959BE7800D2FAD1 /* String.swift in Sources */,
				99ED66FF2948D5800084A8A8 /* CoinImageViewModel.swift in Sources */,
				99ED66E629434C1C0084A8A8 /* CircleButtonAnimationView.swift in Sources */,
				993D79C12950C94700178A01 /* PortfolioView.swift in Sources */,
				99ED66ED294365C10084A8A8 /* PreviewProvider.swift in Sources */,
				99ED66EF294727C10084A8A8 /* Double.swift in Sources */,
				99495F0329548DEE00703E06 /* CoinDetailModel.swift in Sources */,
				99495F07295490EC00703E06 /* CoinDetailDataService.swift in Sources */,
				99ED66E9294354580084A8A8 /* CoinModel.swift in Sources */,
				993D79CA2951C7AC00178A01 /* PortfolioDataService.swift in Sources */,
				99348BF72959D3A000D2FAD1 /* SettingsView.swift in Sources */,
			);
			runOnlyForDeploymentPostprocessing = 0;
		};
		9997DCFC29363AB1000713F6 /* Sources */ = {
			isa = PBXSourcesBuildPhase;
			buildActionMask = 2147483647;
			files = (
				9997DD0529363AB1000713F6 /* investingCloneTests.swift in Sources */,
			);
			runOnlyForDeploymentPostprocessing = 0;
		};
		9997DD0629363AB1000713F6 /* Sources */ = {
			isa = PBXSourcesBuildPhase;
			buildActionMask = 2147483647;
			files = (
				9997DD1129363AB1000713F6 /* investingCloneUITestsLaunchTests.swift in Sources */,
				9997DD0F29363AB1000713F6 /* investingCloneUITests.swift in Sources */,
			);
			runOnlyForDeploymentPostprocessing = 0;
		};
/* End PBXSourcesBuildPhase section */

/* Begin PBXTargetDependency section */
		9997DD0229363AB1000713F6 /* PBXTargetDependency */ = {
			isa = PBXTargetDependency;
			target = 9997DCEF29363AAF000713F6 /* CryptoMVVM */;
			targetProxy = 9997DD0129363AB1000713F6 /* PBXContainerItemProxy */;
		};
		9997DD0C29363AB1000713F6 /* PBXTargetDependency */ = {
			isa = PBXTargetDependency;
			target = 9997DCEF29363AAF000713F6 /* CryptoMVVM */;
			targetProxy = 9997DD0B29363AB1000713F6 /* PBXContainerItemProxy */;
		};
/* End PBXTargetDependency section */

/* Begin XCBuildConfiguration section */
		9997DD1229363AB1000713F6 /* Debug */ = {
			isa = XCBuildConfiguration;
			buildSettings = {
				ALWAYS_SEARCH_USER_PATHS = NO;
				CLANG_ANALYZER_NONNULL = YES;
				CLANG_ANALYZER_NUMBER_OBJECT_CONVERSION = YES_AGGRESSIVE;
				CLANG_CXX_LANGUAGE_STANDARD = "gnu++20";
				CLANG_ENABLE_MODULES = YES;
				CLANG_ENABLE_OBJC_ARC = YES;
				CLANG_ENABLE_OBJC_WEAK = YES;
				CLANG_WARN_BLOCK_CAPTURE_AUTORELEASING = YES;
				CLANG_WARN_BOOL_CONVERSION = YES;
				CLANG_WARN_COMMA = YES;
				CLANG_WARN_CONSTANT_CONVERSION = YES;
				CLANG_WARN_DEPRECATED_OBJC_IMPLEMENTATIONS = YES;
				CLANG_WARN_DIRECT_OBJC_ISA_USAGE = YES_ERROR;
				CLANG_WARN_DOCUMENTATION_COMMENTS = YES;
				CLANG_WARN_EMPTY_BODY = YES;
				CLANG_WARN_ENUM_CONVERSION = YES;
				CLANG_WARN_INFINITE_RECURSION = YES;
				CLANG_WARN_INT_CONVERSION = YES;
				CLANG_WARN_NON_LITERAL_NULL_CONVERSION = YES;
				CLANG_WARN_OBJC_IMPLICIT_RETAIN_SELF = YES;
				CLANG_WARN_OBJC_LITERAL_CONVERSION = YES;
				CLANG_WARN_OBJC_ROOT_CLASS = YES_ERROR;
				CLANG_WARN_QUOTED_INCLUDE_IN_FRAMEWORK_HEADER = YES;
				CLANG_WARN_RANGE_LOOP_ANALYSIS = YES;
				CLANG_WARN_STRICT_PROTOTYPES = YES;
				CLANG_WARN_SUSPICIOUS_MOVE = YES;
				CLANG_WARN_UNGUARDED_AVAILABILITY = YES_AGGRESSIVE;
				CLANG_WARN_UNREACHABLE_CODE = YES;
				CLANG_WARN__DUPLICATE_METHOD_MATCH = YES;
				COPY_PHASE_STRIP = NO;
				DEBUG_INFORMATION_FORMAT = dwarf;
				ENABLE_STRICT_OBJC_MSGSEND = YES;
				ENABLE_TESTABILITY = YES;
				GCC_C_LANGUAGE_STANDARD = gnu11;
				GCC_DYNAMIC_NO_PIC = NO;
				GCC_NO_COMMON_BLOCKS = YES;
				GCC_OPTIMIZATION_LEVEL = 0;
				GCC_PREPROCESSOR_DEFINITIONS = (
					"DEBUG=1",
					"$(inherited)",
				);
				GCC_WARN_64_TO_32_BIT_CONVERSION = YES;
				GCC_WARN_ABOUT_RETURN_TYPE = YES_ERROR;
				GCC_WARN_UNDECLARED_SELECTOR = YES;
				GCC_WARN_UNINITIALIZED_AUTOS = YES_AGGRESSIVE;
				GCC_WARN_UNUSED_FUNCTION = YES;
				GCC_WARN_UNUSED_VARIABLE = YES;
				IPHONEOS_DEPLOYMENT_TARGET = 16.1;
				MTL_ENABLE_DEBUG_INFO = INCLUDE_SOURCE;
				MTL_FAST_MATH = YES;
				ONLY_ACTIVE_ARCH = YES;
				SDKROOT = iphoneos;
				SWIFT_ACTIVE_COMPILATION_CONDITIONS = DEBUG;
				SWIFT_OPTIMIZATION_LEVEL = "-Onone";
			};
			name = Debug;
		};
		9997DD1329363AB1000713F6 /* Release */ = {
			isa = XCBuildConfiguration;
			buildSettings = {
				ALWAYS_SEARCH_USER_PATHS = NO;
				CLANG_ANALYZER_NONNULL = YES;
				CLANG_ANALYZER_NUMBER_OBJECT_CONVERSION = YES_AGGRESSIVE;
				CLANG_CXX_LANGUAGE_STANDARD = "gnu++20";
				CLANG_ENABLE_MODULES = YES;
				CLANG_ENABLE_OBJC_ARC = YES;
				CLANG_ENABLE_OBJC_WEAK = YES;
				CLANG_WARN_BLOCK_CAPTURE_AUTORELEASING = YES;
				CLANG_WARN_BOOL_CONVERSION = YES;
				CLANG_WARN_COMMA = YES;
				CLANG_WARN_CONSTANT_CONVERSION = YES;
				CLANG_WARN_DEPRECATED_OBJC_IMPLEMENTATIONS = YES;
				CLANG_WARN_DIRECT_OBJC_ISA_USAGE = YES_ERROR;
				CLANG_WARN_DOCUMENTATION_COMMENTS = YES;
				CLANG_WARN_EMPTY_BODY = YES;
				CLANG_WARN_ENUM_CONVERSION = YES;
				CLANG_WARN_INFINITE_RECURSION = YES;
				CLANG_WARN_INT_CONVERSION = YES;
				CLANG_WARN_NON_LITERAL_NULL_CONVERSION = YES;
				CLANG_WARN_OBJC_IMPLICIT_RETAIN_SELF = YES;
				CLANG_WARN_OBJC_LITERAL_CONVERSION = YES;
				CLANG_WARN_OBJC_ROOT_CLASS = YES_ERROR;
				CLANG_WARN_QUOTED_INCLUDE_IN_FRAMEWORK_HEADER = YES;
				CLANG_WARN_RANGE_LOOP_ANALYSIS = YES;
				CLANG_WARN_STRICT_PROTOTYPES = YES;
				CLANG_WARN_SUSPICIOUS_MOVE = YES;
				CLANG_WARN_UNGUARDED_AVAILABILITY = YES_AGGRESSIVE;
				CLANG_WARN_UNREACHABLE_CODE = YES;
				CLANG_WARN__DUPLICATE_METHOD_MATCH = YES;
				COPY_PHASE_STRIP = NO;
				DEBUG_INFORMATION_FORMAT = "dwarf-with-dsym";
				ENABLE_NS_ASSERTIONS = NO;
				ENABLE_STRICT_OBJC_MSGSEND = YES;
				GCC_C_LANGUAGE_STANDARD = gnu11;
				GCC_NO_COMMON_BLOCKS = YES;
				GCC_WARN_64_TO_32_BIT_CONVERSION = YES;
				GCC_WARN_ABOUT_RETURN_TYPE = YES_ERROR;
				GCC_WARN_UNDECLARED_SELECTOR = YES;
				GCC_WARN_UNINITIALIZED_AUTOS = YES_AGGRESSIVE;
				GCC_WARN_UNUSED_FUNCTION = YES;
				GCC_WARN_UNUSED_VARIABLE = YES;
				IPHONEOS_DEPLOYMENT_TARGET = 16.1;
				MTL_ENABLE_DEBUG_INFO = NO;
				MTL_FAST_MATH = YES;
				SDKROOT = iphoneos;
				SWIFT_COMPILATION_MODE = wholemodule;
				SWIFT_OPTIMIZATION_LEVEL = "-O";
				VALIDATE_PRODUCT = YES;
			};
			name = Release;
		};
		9997DD1529363AB1000713F6 /* Debug */ = {
			isa = XCBuildConfiguration;
			buildSettings = {
				ASSETCATALOG_COMPILER_APPICON_NAME = AppIcon;
				ASSETCATALOG_COMPILER_GLOBAL_ACCENT_COLOR_NAME = AccentColor;
				ASSETCATALOG_COMPILER_INCLUDE_ALL_APPICON_ASSETS = YES;
				CODE_SIGN_STYLE = Automatic;
				CURRENT_PROJECT_VERSION = 1;
				DEVELOPMENT_ASSET_PATHS = "\"investingClone/Preview Content\"";
				DEVELOPMENT_TEAM = AWNHW9BPZ5;
				ENABLE_PREVIEWS = YES;
				GENERATE_INFOPLIST_FILE = YES;
				INFOPLIST_KEY_CFBundleDisplayName = CryptoMVVM;
				INFOPLIST_KEY_LSApplicationCategoryType = "public.app-category.finance";
				INFOPLIST_KEY_UIApplicationSceneManifest_Generation = YES;
				INFOPLIST_KEY_UIApplicationSupportsIndirectInputEvents = YES;
				INFOPLIST_KEY_UILaunchStoryboardName = LaunchScreen.storyboard;
				INFOPLIST_KEY_UIRequiresFullScreen = NO;
				INFOPLIST_KEY_UISupportedInterfaceOrientations = UIInterfaceOrientationPortrait;
				LD_RUNPATH_SEARCH_PATHS = (
					"$(inherited)",
					"@executable_path/Frameworks",
				);
				MARKETING_VERSION = 1.0;
				PRODUCT_BUNDLE_IDENTIFIER = amg.investingClone;
				PRODUCT_NAME = "$(TARGET_NAME)";
				SWIFT_EMIT_LOC_STRINGS = YES;
				SWIFT_VERSION = 5.0;
				TARGETED_DEVICE_FAMILY = "1,2";
			};
			name = Debug;
		};
		9997DD1629363AB1000713F6 /* Release */ = {
			isa = XCBuildConfiguration;
			buildSettings = {
				ASSETCATALOG_COMPILER_APPICON_NAME = AppIcon;
				ASSETCATALOG_COMPILER_GLOBAL_ACCENT_COLOR_NAME = AccentColor;
				ASSETCATALOG_COMPILER_INCLUDE_ALL_APPICON_ASSETS = YES;
				CODE_SIGN_STYLE = Automatic;
				CURRENT_PROJECT_VERSION = 1;
				DEVELOPMENT_ASSET_PATHS = "\"investingClone/Preview Content\"";
				DEVELOPMENT_TEAM = AWNHW9BPZ5;
				ENABLE_PREVIEWS = YES;
				GENERATE_INFOPLIST_FILE = YES;
				INFOPLIST_KEY_CFBundleDisplayName = CryptoMVVM;
				INFOPLIST_KEY_LSApplicationCategoryType = "public.app-category.finance";
				INFOPLIST_KEY_UIApplicationSceneManifest_Generation = YES;
				INFOPLIST_KEY_UIApplicationSupportsIndirectInputEvents = YES;
				INFOPLIST_KEY_UILaunchStoryboardName = LaunchScreen.storyboard;
				INFOPLIST_KEY_UIRequiresFullScreen = NO;
				INFOPLIST_KEY_UISupportedInterfaceOrientations = UIInterfaceOrientationPortrait;
				LD_RUNPATH_SEARCH_PATHS = (
					"$(inherited)",
					"@executable_path/Frameworks",
				);
				MARKETING_VERSION = 1.0;
				PRODUCT_BUNDLE_IDENTIFIER = amg.investingClone;
				PRODUCT_NAME = "$(TARGET_NAME)";
				SWIFT_EMIT_LOC_STRINGS = YES;
				SWIFT_VERSION = 5.0;
				TARGETED_DEVICE_FAMILY = "1,2";
			};
			name = Release;
		};
		9997DD1829363AB1000713F6 /* Debug */ = {
			isa = XCBuildConfiguration;
			buildSettings = {
				ALWAYS_EMBED_SWIFT_STANDARD_LIBRARIES = YES;
				BUNDLE_LOADER = "$(TEST_HOST)";
				CODE_SIGN_STYLE = Automatic;
				CURRENT_PROJECT_VERSION = 1;
				DEVELOPMENT_TEAM = AWNHW9BPZ5;
				GENERATE_INFOPLIST_FILE = YES;
				IPHONEOS_DEPLOYMENT_TARGET = 16.1;
				MARKETING_VERSION = 1.0;
				PRODUCT_BUNDLE_IDENTIFIER = amg.investingCloneTests;
				PRODUCT_NAME = "$(TARGET_NAME)";
				SWIFT_EMIT_LOC_STRINGS = NO;
				SWIFT_VERSION = 5.0;
				TARGETED_DEVICE_FAMILY = "1,2";
				TEST_HOST = "$(BUILT_PRODUCTS_DIR)/CryptoMVVM.app/$(BUNDLE_EXECUTABLE_FOLDER_PATH)/CryptoMVVM";
			};
			name = Debug;
		};
		9997DD1929363AB1000713F6 /* Release */ = {
			isa = XCBuildConfiguration;
			buildSettings = {
				ALWAYS_EMBED_SWIFT_STANDARD_LIBRARIES = YES;
				BUNDLE_LOADER = "$(TEST_HOST)";
				CODE_SIGN_STYLE = Automatic;
				CURRENT_PROJECT_VERSION = 1;
				DEVELOPMENT_TEAM = AWNHW9BPZ5;
				GENERATE_INFOPLIST_FILE = YES;
				IPHONEOS_DEPLOYMENT_TARGET = 16.1;
				MARKETING_VERSION = 1.0;
				PRODUCT_BUNDLE_IDENTIFIER = amg.investingCloneTests;
				PRODUCT_NAME = "$(TARGET_NAME)";
				SWIFT_EMIT_LOC_STRINGS = NO;
				SWIFT_VERSION = 5.0;
				TARGETED_DEVICE_FAMILY = "1,2";
				TEST_HOST = "$(BUILT_PRODUCTS_DIR)/CryptoMVVM.app/$(BUNDLE_EXECUTABLE_FOLDER_PATH)/CryptoMVVM";
			};
			name = Release;
		};
		9997DD1B29363AB1000713F6 /* Debug */ = {
			isa = XCBuildConfiguration;
			buildSettings = {
				ALWAYS_EMBED_SWIFT_STANDARD_LIBRARIES = YES;
				CODE_SIGN_STYLE = Automatic;
				CURRENT_PROJECT_VERSION = 1;
				DEVELOPMENT_TEAM = AWNHW9BPZ5;
				GENERATE_INFOPLIST_FILE = YES;
				MARKETING_VERSION = 1.0;
				PRODUCT_BUNDLE_IDENTIFIER = amg.investingCloneUITests;
				PRODUCT_NAME = "$(TARGET_NAME)";
				SWIFT_EMIT_LOC_STRINGS = NO;
				SWIFT_VERSION = 5.0;
				TARGETED_DEVICE_FAMILY = "1,2";
				TEST_TARGET_NAME = investingClone;
			};
			name = Debug;
		};
		9997DD1C29363AB1000713F6 /* Release */ = {
			isa = XCBuildConfiguration;
			buildSettings = {
				ALWAYS_EMBED_SWIFT_STANDARD_LIBRARIES = YES;
				CODE_SIGN_STYLE = Automatic;
				CURRENT_PROJECT_VERSION = 1;
				DEVELOPMENT_TEAM = AWNHW9BPZ5;
				GENERATE_INFOPLIST_FILE = YES;
				MARKETING_VERSION = 1.0;
				PRODUCT_BUNDLE_IDENTIFIER = amg.investingCloneUITests;
				PRODUCT_NAME = "$(TARGET_NAME)";
				SWIFT_EMIT_LOC_STRINGS = NO;
				SWIFT_VERSION = 5.0;
				TARGETED_DEVICE_FAMILY = "1,2";
				TEST_TARGET_NAME = investingClone;
			};
			name = Release;
		};
/* End XCBuildConfiguration section */

/* Begin XCConfigurationList section */
		9997DCEB29363AAF000713F6 /* Build configuration list for PBXProject "CryptoMVVM" */ = {
			isa = XCConfigurationList;
			buildConfigurations = (
				9997DD1229363AB1000713F6 /* Debug */,
				9997DD1329363AB1000713F6 /* Release */,
			);
			defaultConfigurationIsVisible = 0;
			defaultConfigurationName = Release;
		};
		9997DD1429363AB1000713F6 /* Build configuration list for PBXNativeTarget "CryptoMVVM" */ = {
			isa = XCConfigurationList;
			buildConfigurations = (
				9997DD1529363AB1000713F6 /* Debug */,
				9997DD1629363AB1000713F6 /* Release */,
			);
			defaultConfigurationIsVisible = 0;
			defaultConfigurationName = Release;
		};
		9997DD1729363AB1000713F6 /* Build configuration list for PBXNativeTarget "CryptoMVVMTests" */ = {
			isa = XCConfigurationList;
			buildConfigurations = (
				9997DD1829363AB1000713F6 /* Debug */,
				9997DD1929363AB1000713F6 /* Release */,
			);
			defaultConfigurationIsVisible = 0;
			defaultConfigurationName = Release;
		};
		9997DD1A29363AB1000713F6 /* Build configuration list for PBXNativeTarget "CryptoMVVMUITests" */ = {
			isa = XCConfigurationList;
			buildConfigurations = (
				9997DD1B29363AB1000713F6 /* Debug */,
				9997DD1C29363AB1000713F6 /* Release */,
			);
			defaultConfigurationIsVisible = 0;
			defaultConfigurationName = Release;
		};
/* End XCConfigurationList section */

/* Begin XCVersionGroup section */
		993D79C62951C6C700178A01 /* PortfolioContainer.xcdatamodeld */ = {
			isa = XCVersionGroup;
			children = (
				993D79C72951C6C700178A01 /* PortfolioContainer.xcdatamodel */,
			);
			currentVersion = 993D79C72951C6C700178A01 /* PortfolioContainer.xcdatamodel */;
			path = PortfolioContainer.xcdatamodeld;
			sourceTree = "<group>";
			versionGroupType = wrapper.xcdatamodel;
		};
/* End XCVersionGroup section */
	};
	rootObject = 9997DCE829363AAF000713F6 /* Project object */;
}
